
Microsoft Visual Studio Solution File, Format Version 12.00
# Visual Studio Version 17
VisualStudioVersion = 17.4.33122.133
MinimumVisualStudioVersion = 10.0.40219.1
Project("{FAE04EC0-301F-11D3-BF4B-00C04F79EFBC}") = "BonusHomework", "BonusHomework\BonusHomework.csproj", "{96799978-2A1B-4C97-A80B-D9504CFE1055}"
EndProject
Global
	GlobalSection(SolutionConfigurationPlatforms) = preSolution
		Debug|Any CPU = Debug|Any CPU
		Release|Any CPU = Release|Any CPU
	EndGlobalSection
	GlobalSection(ProjectConfigurationPlatforms) = postSolution
		{96799978-2A1B-4C97-A80B-D9504CFE1055}.Debug|Any CPU.ActiveCfg = Debug|Any CPU
		{96799978-2A1B-4C97-A80B-D9504CFE1055}.Debug|Any CPU.Build.0 = Debug|Any CPU
		{96799978-2A1B-4C97-A80B-D9504CFE1055}.Release|Any CPU.ActiveCfg = Release|Any CPU
		{96799978-2A1B-4C97-A80B-D9504CFE1055}.Release|Any CPU.Build.0 = Release|Any CPU
	EndGlobalSection
	GlobalSection(SolutionProperties) = preSolution
		HideSolutionNode = FALSE
	EndGlobalSection
	GlobalSection(ExtensibilityGlobals) = postSolution
		SolutionGuid = {6F6B1946-F88D-48D9-9873-FF3AA8237F67}
	EndGlobalSection
EndGlobal
